
Microsoft Visual Studio Solution File, Format Version 12.00
# Visual Studio Version 17
VisualStudioVersion = 17.6.33723.286
MinimumVisualStudioVersion = 10.0.40219.1
Project("{FAE04EC0-301F-11D3-BF4B-00C04F79EFBC}") = "BookStore_Managerment", "BookStore_Managerment\BookStore_Managerment.csproj", "{200F6E3E-91A9-401D-9595-A6F737FAC8DD}"
EndProject
Global
	GlobalSection(SolutionConfigurationPlatforms) = preSolution
		Debug|Any CPU = Debug|Any CPU
		Release|Any CPU = Release|Any CPU
	EndGlobalSection
	GlobalSection(ProjectConfigurationPlatforms) = postSolution
		{200F6E3E-91A9-401D-9595-A6F737FAC8DD}.Debug|Any CPU.ActiveCfg = Debug|Any CPU
		{200F6E3E-91A9-401D-9595-A6F737FAC8DD}.Debug|Any CPU.Build.0 = Debug|Any CPU
		{200F6E3E-91A9-401D-9595-A6F737FAC8DD}.Release|Any CPU.ActiveCfg = Release|Any CPU
		{200F6E3E-91A9-401D-9595-A6F737FAC8DD}.Release|Any CPU.Build.0 = Release|Any CPU
	EndGlobalSection
	GlobalSection(SolutionProperties) = preSolution
		HideSolutionNode = FALSE
	EndGlobalSection
	GlobalSection(ExtensibilityGlobals) = postSolution
		SolutionGuid = {890FC715-4F77-4490-B7A0-3E8E4A1DF615}
	EndGlobalSection
EndGlobal
